<?xml version="1.0" encoding="utf-8"?>
<Project ToolsVersion="4.0" xmlns="http://schemas.microsoft.com/developer/msbuild/2003">
  <ItemGroup>
    <Filter Include="Source Files">
      <UniqueIdentifier>{4FC737F1-C7A5-4376-A066-2A32D752A2FF}</UniqueIdentifier>
      <Extensions>cpp;c;cc;cxx;def;odl;idl;hpj;bat;asm;asmx</Extensions>
    </Filter>
    <Filter Include="Header Files">
      <UniqueIdentifier>{93995380-89BD-4b04-88EB-625FBE52EBFB}</UniqueIdentifier>
      <Extensions>h;hh;hpp;hxx;hm;inl;inc;ipp;xsd</Extensions>
    </Filter>
    <Filter Include="Resource Files">
      <UniqueIdentifier>{67DA6AB6-F800-4c08-8B7A-83BB121AAD01}</UniqueIdentifier>
      <Extensions>rc;ico;cur;bmp;dlg;rc2;rct;bin;rgs;gif;jpg;jpeg;jpe;resx;tiff;tif;png;wav;mfcribbon-ms</Extensions>
    </Filter>
    <Filter Include="Solution2022">
      <UniqueIdentifier>{56a75658-715f-411f-8806-f18f1881c419}</UniqueIdentifier>
    </Filter>
    <Filter Include="Helpers">
      <UniqueIdentifier>{4796ceb5-ba5a-4227-9aa6-2c84a5cbef37}</UniqueIdentifier>
    </Filter>
  </ItemGroup>
  <ItemGroup>
    <ClCompile Include="Leet2022.cpp">
      <Filter>Source Files</Filter>
    </ClCompile>
    <ClCompile Include="stdafx.cpp">
      <Filter>Source Files</Filter>
    </ClCompile>
    <ClCompile Include="Test.cpp">
      <Filter>Solution2022</Filter>
    </ClCompile>
    <ClCompile Include="Helpers.cpp">
      <Filter>Helpers</Filter>
    </ClCompile>
    <ClCompile Include="ListNode.cpp">
      <Filter>Helpers</Filter>
    </ClCompile>
    <ClCompile Include="TreeHelpers.cpp">
      <Filter>Helpers</Filter>
    </ClCompile>
    <ClCompile Include="BinarySearch.cpp">
      <Filter>Solution2022</Filter>
    </ClCompile>
    <ClCompile Include="ClimbingStairs.cpp">
      <Filter>Solution2022</Filter>
    </ClCompile>
    <ClCompile Include="Combinations.cpp">
      <Filter>Solution2022</Filter>
    </ClCompile>
    <ClCompile Include="FirstBadVersion.cpp">
      <Filter>Solution2022</Filter>
    </ClCompile>
    <ClCompile Include="FloodFill.cpp">
      <Filter>Solution2022</Filter>
    </ClCompile>
    <ClCompile Include="HouseRobber.cpp">
      <Filter>Solution2022</Filter>
    </ClCompile>
    <ClCompile Include="LetterCasePermutation.cpp">
      <Filter>Solution2022</Filter>
    </ClCompile>
    <ClCompile Include="LongestSubstringWithoutRepeatingCharacters.cpp">
      <Filter>Solution2022</Filter>
    </ClCompile>
    <ClCompile Include="MaxAreaofIsland.cpp">
      <Filter>Solution2022</Filter>
    </ClCompile>
    <ClCompile Include="MergeTwoBinaryTrees.cpp">
      <Filter>Solution2022</Filter>
    </ClCompile>
    <ClCompile Include="MergeTwoSortedLists.cpp">
      <Filter>Solution2022</Filter>
    </ClCompile>
    <ClCompile Include="MiddleoftheLinkedList.cpp">
      <Filter>Solution2022</Filter>
    </ClCompile>
    <ClCompile Include="MoveZeroes.cpp">
      <Filter>Solution2022</Filter>
    </ClCompile>
    <ClCompile Include="NumberofOneBits.cpp">
      <Filter>Solution2022</Filter>
    </ClCompile>
    <ClCompile Include="PermutationinString.cpp">
      <Filter>Solution2022</Filter>
    </ClCompile>
    <ClCompile Include="Permutations.cpp">
      <Filter>Solution2022</Filter>
    </ClCompile>
    <ClCompile Include="PopulatingNextRightPointersinEachNode.cpp">
      <Filter>Solution2022</Filter>
    </ClCompile>
    <ClCompile Include="PowerofTwo.cpp">
      <Filter>Solution2022</Filter>
    </ClCompile>
    <ClCompile Include="RemoveNthNodeFromEndofList.cpp">
      <Filter>Solution2022</Filter>
    </ClCompile>
    <ClCompile Include="ReverseBits.cpp">
      <Filter>Solution2022</Filter>
    </ClCompile>
    <ClCompile Include="ReverseLinkedList.cpp">
      <Filter>Solution2022</Filter>
    </ClCompile>
    <ClCompile Include="ReverseString.cpp">
      <Filter>Solution2022</Filter>
    </ClCompile>
    <ClCompile Include="ReverseWordsinaStringIII.cpp">
      <Filter>Solution2022</Filter>
    </ClCompile>
    <ClCompile Include="RotateArray.cpp">
      <Filter>Solution2022</Filter>
    </ClCompile>
    <ClCompile Include="RottingOranges.cpp">
      <Filter>Solution2022</Filter>
    </ClCompile>
    <ClCompile Include="SearchInsertPosition.cpp">
      <Filter>Solution2022</Filter>
    </ClCompile>
    <ClCompile Include="SingleNumber.cpp">
      <Filter>Solution2022</Filter>
    </ClCompile>
    <ClCompile Include="SquaresofaSortedArray.cpp">
      <Filter>Solution2022</Filter>
    </ClCompile>
    <ClCompile Include="Triangle.cpp">
      <Filter>Solution2022</Filter>
    </ClCompile>
    <ClCompile Include="TwoSumIIInputArrayIsSorted.cpp">
      <Filter>Solution2022</Filter>
    </ClCompile>
    <ClCompile Include="ZeroOneMatrix.cpp">
      <Filter>Solution2022</Filter>
    </ClCompile>
    <ClCompile Include="TwoSum.cpp">
      <Filter>Solution2022</Filter>
    </ClCompile>
    <ClCompile Include="RomantoInteger.cpp">
      <Filter>Solution2022</Filter>
    </ClCompile>
    <ClCompile Include="LRUCache.cpp">
      <Filter>Solution2022</Filter>
    </ClCompile>
    <ClCompile Include="MergeIntervals.cpp">
      <Filter>Solution2022</Filter>
    </ClCompile>
    <ClCompile Include="NumberofIslands.cpp">
      <Filter>Solution2022</Filter>
    </ClCompile>
    <ClCompile Include="MinimumRemovetoMakeValidParentheses.cpp">
      <Filter>Solution2022</Filter>
    </ClCompile>
    <ClCompile Include="TrappingRainWater.cpp">
      <Filter>Solution2022</Filter>
    </ClCompile>
    <ClCompile Include="BinaryTreeVerticalOrderTraversal.cpp">
      <Filter>Solution2022</Filter>
    </ClCompile>
    <ClCompile Include="SubarraySumEqualsK.cpp">
      <Filter>Solution2022</Filter>
    </ClCompile>
    <ClCompile Include="ValidPalindromeII.cpp">
      <Filter>Solution2022</Filter>
    </ClCompile>
    <ClCompile Include="BuildingsWithanOceanView.cpp">
      <Filter>Solution2022</Filter>
    </ClCompile>
    <ClCompile Include="DotProductofTwoSparseVectors.cpp">
      <Filter>Solution2022</Filter>
    </ClCompile>
    <ClCompile Include="DesignInMemoryFileSystem.cpp">
      <Filter>Solution2022</Filter>
    </ClCompile>
    <ClCompile Include="DesignFileSystem.cpp">
      <Filter>Solution2022</Filter>
    </ClCompile>
    <ClCompile Include="RandomPickwithWeight.cpp">
      <Filter>Solution2022</Filter>
    </ClCompile>
    <ClCompile Include="ReconstructOriginalDigitsfromEnglish.cpp">
      <Filter>Solution2022</Filter>
    </ClCompile>
    <ClCompile Include="TextJustification.cpp">
      <Filter>Solution2022</Filter>
    </ClCompile>
    <ClCompile Include="BestTimetoBuyandSellStock.cpp">
      <Filter>Solution2022</Filter>
    </ClCompile>
    <ClCompile Include="InsertDeleteGetRandomO.cpp">
      <Filter>Solution2022</Filter>
    </ClCompile>
    <ClCompile Include="MaximumSubarray.cpp">
      <Filter>Solution2022</Filter>
    </ClCompile>
    <ClCompile Include="AddTwoNumbers.cpp">
      <Filter>Solution2022</Filter>
    </ClCompile>
    <ClCompile Include="SubdomainVisitCount.cpp">
      <Filter>Solution2022</Filter>
    </ClCompile>
    <ClCompile Include="NestedListWeightSum.cpp">
      <Filter>Solution2022</Filter>
    </ClCompile>
    <ClCompile Include="SimplifyPath.cpp">
      <Filter>Solution2022</Filter>
    </ClCompile>
    <ClCompile Include="LongestCommonPrefix.cpp">
      <Filter>Solution2022</Filter>
    </ClCompile>
    <ClCompile Include="ValidWordAbbreviation.cpp">
      <Filter>Solution2022</Filter>
    </ClCompile>
    <ClCompile Include="PalindromeNumber.cpp">
      <Filter>Solution2022</Filter>
    </ClCompile>
    <ClCompile Include="MeetingRoomsII.cpp">
      <Filter>Solution2022</Filter>
    </ClCompile>
    <ClCompile Include="LongestPalindromicSubstring.cpp">
      <Filter>Solution2022</Filter>
    </ClCompile>
    <ClCompile Include="NextPermutation.cpp">
      <Filter>Solution2022</Filter>
    </ClCompile>
    <ClCompile Include="ThreeSum.cpp">
      <Filter>Solution2022</Filter>
    </ClCompile>
    <ClCompile Include="DecodeString.cpp">
      <Filter>Solution2022</Filter>
    </ClCompile>
    <ClCompile Include="GenerateParentheses.cpp">
      <Filter>Solution2022</Filter>
    </ClCompile>
    <ClCompile Include="PairsofSongsWithTotalDurationsDivisiblebySixZero.cpp">
      <Filter>Solution2022</Filter>
    </ClCompile>
    <ClCompile Include="ShortestWordDistanceII.cpp">
      <Filter>Solution2022</Filter>
    </ClCompile>
    <ClCompile Include="ShortestWordDistance.cpp">
      <Filter>Solution2022</Filter>
    </ClCompile>
    <ClCompile Include="ShortestWordDistanceIII.cpp">
      <Filter>Solution2022</Filter>
    </ClCompile>
    <ClCompile Include="FizzBuzz.cpp">
      <Filter>Solution2022</Filter>
    </ClCompile>
    <ClCompile Include="KthLargestElementinanArray.cpp">
      <Filter>Solution2022</Filter>
    </ClCompile>
    <ClCompile Include="CountUniqueCharactersofAllSubstringsofaGivenString.cpp">
      <Filter>Solution2022</Filter>
    </ClCompile>
    <ClCompile Include="TotalAppealofAString.cpp">
      <Filter>Solution2022</Filter>
    </ClCompile>
    <ClCompile Include="LetterCombinationsofaPhoneNumber.cpp">
      <Filter>Solution2022</Filter>
    </ClCompile>
    <ClCompile Include="LowestCommonAncestorofaBinaryTree.cpp">
      <Filter>Solution2022</Filter>
    </ClCompile>
    <ClCompile Include="StringCompression.cpp">
      <Filter>Solution2022</Filter>
    </ClCompile>
    <ClCompile Include="ContainerWithMostWater.cpp">
      <Filter>Solution2022</Filter>
    </ClCompile>
    <ClCompile Include="IntegertoEnglishWords.cpp">
      <Filter>Solution2022</Filter>
    </ClCompile>
    <ClCompile Include="BusRoutes.cpp">
      <Filter>Solution2022</Filter>
    </ClCompile>
    <ClCompile Include="Pow.cpp">
      <Filter>Solution2022</Filter>
    </ClCompile>
    <ClCompile Include="GroupAnagrams.cpp">
      <Filter>Solution2022</Filter>
    </ClCompile>
    <ClCompile Include="ThreeSumWithMultiplicity.cpp">
      <Filter>Solution2022</Filter>
    </ClCompile>
    <ClCompile Include="AnalyzeUserWebsiteVisitPattern.cpp">
      <Filter>Solution2022</Filter>
    </ClCompile>
    <ClCompile Include="ContainsDuplicate.cpp">
      <Filter>Solution2022</Filter>
    </ClCompile>
    <ClCompile Include="RobotBoundedInCircle.cpp">
      <Filter>Solution2022</Filter>
    </ClCompile>
    <ClCompile Include="MaxStack.cpp">
      <Filter>Solution2022</Filter>
    </ClCompile>
    <ClCompile Include="SumofSubarrayRanges.cpp">
      <Filter>Solution2022</Filter>
    </ClCompile>
    <ClCompile Include="SumofSubarrayMinimums.cpp">
      <Filter>Solution2022</Filter>
    </ClCompile>
    <ClCompile Include="MergeSortedArray.cpp">
      <Filter>Solution2022</Filter>
    </ClCompile>
    <ClCompile Include="ShortestPathinBinaryMatrix.cpp">
      <Filter>Solution2022</Filter>
    </ClCompile>
    <ClCompile Include="RemoveAllAdjacentDuplicatesInString.cpp">
      <Filter>Solution2022</Filter>
    </ClCompile>
    <ClCompile Include="RemoveAllAdjacentDuplicatesinStringII.cpp">
      <Filter>Solution2022</Filter>
    </ClCompile>
    <ClCompile Include="UniqueNumberofOccurrences.cpp">
      <Filter>Solution2022</Filter>
    </ClCompile>
    <ClCompile Include="AlertUsingSameKeyCardThreeorMoreTimesinaOneHourPeriod.cpp">
      <Filter>Solution2022</Filter>
    </ClCompile>
    <ClCompile Include="NestedListWeightSumII.cpp">
      <Filter>Solution2022</Filter>
    </ClCompile>
    <ClCompile Include="GameofLife.cpp">
      <Filter>Solution2022</Filter>
    </ClCompile>
    <ClCompile Include="MovingAveragefromDataStream.cpp">
      <Filter>Solution2022</Filter>
    </ClCompile>
    <ClCompile Include="KClosestPointstoOrigin.cpp">
      <Filter>Solution2022</Filter>
    </ClCompile>
    <ClCompile Include="TopKFrequentElements.cpp">
      <Filter>Solution2022</Filter>
    </ClCompile>
    <ClCompile Include="FirstMissingPositive.cpp">
      <Filter>Solution2022</Filter>
    </ClCompile>
    <ClCompile Include="RangeSumofBST.cpp">
      <Filter>Solution2022</Filter>
    </ClCompile>
    <ClCompile Include="ReorderDatainLogFiles.cpp">
      <Filter>Solution2022</Filter>
    </ClCompile>
    <ClCompile Include="ConvertBinarySearchTreetoSortedDoublyLinkedList.cpp">
      <Filter>Solution2022</Filter>
    </ClCompile>
    <ClCompile Include="MinimumAddtoMakeParenthesesValid.cpp">
      <Filter>Solution2022</Filter>
    </ClCompile>
    <ClCompile Include="ShortestPathinaGridwithObstaclesElimination.cpp">
      <Filter>Solution2022</Filter>
    </ClCompile>
    <ClCompile Include="RotateImage.cpp">
      <Filter>Solution2022</Filter>
    </ClCompile>
    <ClCompile Include="EvaluateDivision.cpp">
      <Filter>Solution2022</Filter>
    </ClCompile>
    <ClCompile Include="ReverseInteger.cpp">
      <Filter>Solution2022</Filter>
    </ClCompile>
    <ClCompile Include="CountOddNumbersinanIntervalRange.cpp">
      <Filter>Solution2022</Filter>
    </ClCompile>
    <ClCompile Include="PalindromeLinkedList.cpp">
      <Filter>Solution2022</Filter>
    </ClCompile>
    <ClCompile Include="CountBinarySubstrings.cpp">
      <Filter>Solution2022</Filter>
    </ClCompile>
    <ClCompile Include="DesignHitCounter.cpp">
      <Filter>Solution2022</Filter>
    </ClCompile>
    <ClCompile Include="SearchinRotatedSortedArray.cpp">
      <Filter>Solution2022</Filter>
    </ClCompile>
    <ClCompile Include="CarPooling.cpp">
      <Filter>Solution2022</Filter>
    </ClCompile>
    <ClCompile Include="CopyListwithRandomPointer.cpp">
      <Filter>Solution2022</Filter>
    </ClCompile>
    <ClCompile Include="DegreeofanArray.cpp">
      <Filter>Solution2022</Filter>
    </ClCompile>
    <ClCompile Include="PascalsTriangle.cpp">
      <Filter>Solution2022</Filter>
    </ClCompile>
    <ClCompile Include="PascalsTriangleII.cpp">
      <Filter>Solution2022</Filter>
    </ClCompile>
    <ClCompile Include="BrokenCalculator.cpp">
      <Filter>Solution2022</Filter>
    </ClCompile>
    <ClCompile Include="ProductofArrayExceptSelf.cpp">
      <Filter>Solution2022</Filter>
    </ClCompile>
    <ClCompile Include="MergekSortedLists.cpp">
      <Filter>Solution2022</Filter>
    </ClCompile>
    <ClCompile Include="BasicCalculator.cpp">
      <Filter>Solution2022</Filter>
    </ClCompile>
    <ClCompile Include="AddStrings.cpp">
      <Filter>Solution2022</Filter>
    </ClCompile>
    <ClCompile Include="MaximumUnitsonaTruck.cpp">
      <Filter>Solution2022</Filter>
    </ClCompile>
    <ClCompile Include="SpiralMatrix.cpp">
      <Filter>Solution2022</Filter>
    </ClCompile>
    <ClCompile Include="CustomSortString.cpp">
      <Filter>Solution2022</Filter>
    </ClCompile>
    <ClCompile Include="MinimizeDeviationinArray.cpp">
      <Filter>Solution2022</Filter>
    </ClCompile>
    <ClCompile Include="FindWinneronaTicTacToeGame.cpp">
      <Filter>Solution2022</Filter>
    </ClCompile>
    <ClCompile Include="DesignHashMap.cpp">
      <Filter>Solution2022</Filter>
    </ClCompile>
    <ClCompile Include="ExclusiveTimeofFunctions.cpp">
      <Filter>Solution2022</Filter>
    </ClCompile>
    <ClCompile Include="FibonacciNumber.cpp">
      <Filter>Solution2022</Filter>
    </ClCompile>
    <ClCompile Include="RemovePalindromicSubsequences.cpp">
      <Filter>Solution2022</Filter>
    </ClCompile>
    <ClCompile Include="IntegertoRoman.cpp">
      <Filter>Solution2022</Filter>
    </ClCompile>
    <ClCompile Include="LongestStringChain.cpp">
      <Filter>Solution2022</Filter>
    </ClCompile>
    <ClCompile Include="Minesweeper.cpp">
      <Filter>Solution2022</Filter>
    </ClCompile>
    <ClCompile Include="ValidPalindrome.cpp">
      <Filter>Solution2022</Filter>
    </ClCompile>
    <ClCompile Include="FirstUniqueCharacterinaString.cpp">
      <Filter>Solution2022</Filter>
    </ClCompile>
    <ClCompile Include="LongestHappyString.cpp">
      <Filter>Solution2022</Filter>
    </ClCompile>
    <ClCompile Include="CoinChange.cpp">
      <Filter>Solution2022</Filter>
    </ClCompile>
    <ClCompile Include="IntersectionofTwoArrays.cpp">
      <Filter>Solution2022</Filter>
    </ClCompile>
    <ClCompile Include="VerifyinganAlienDictionary.cpp">
      <Filter>Solution2022</Filter>
    </ClCompile>
    <ClCompile Include="TransposeMatrix.cpp">
      <Filter>Solution2022</Filter>
    </ClCompile>
    <ClCompile Include="BoatstoSavePeople.cpp">
      <Filter>Solution2022</Filter>
    </ClCompile>
    <ClCompile Include="OptimalAccountBalancing.cpp">
      <Filter>Solution2022</Filter>
    </ClCompile>
    <ClCompile Include="FindNUniqueIntegersSumuptoZero.cpp">
      <Filter>Solution2022</Filter>
    </ClCompile>
    <ClCompile Include="HappyNumber.cpp">
      <Filter>Solution2022</Filter>
    </ClCompile>
    <ClCompile Include="RemoveDuplicatesfromSortedArray.cpp">
      <Filter>Solution2022</Filter>
    </ClCompile>
    <ClCompile Include="RemoveDuplicatesfromSortedArrayII.cpp">
      <Filter>Solution2022</Filter>
    </ClCompile>
    <ClCompile Include="SignoftheProductofanArray.cpp">
      <Filter>Solution2022</Filter>
    </ClCompile>
    <ClCompile Include="FlattenNestedListIterator.cpp">
      <Filter>Solution2022</Filter>
    </ClCompile>
    <ClCompile Include="RaceCar.cpp">
      <Filter>Solution2022</Filter>
    </ClCompile>
    <ClCompile Include="DesignanOrderedStream.cpp">
      <Filter>Solution2022</Filter>
    </ClCompile>
    <ClCompile Include="NextGreaterElementI.cpp">
      <Filter>Solution2022</Filter>
    </ClCompile>
    <ClCompile Include="NextGreaterElementII.cpp">
      <Filter>Solution2022</Filter>
    </ClCompile>
    <ClCompile Include="NextGreaterElementIII.cpp">
      <Filter>Solution2022</Filter>
    </ClCompile>
    <ClCompile Include="DeleteDuplicateFoldersinSystem.cpp">
      <Filter>Solution2022</Filter>
    </ClCompile>
    <ClCompile Include="MissingNumber.cpp">
      <Filter>Solution2022</Filter>
    </ClCompile>
    <ClCompile Include="DiameterofBinaryTree.cpp">
      <Filter>Solution2022</Filter>
    </ClCompile>
    <ClCompile Include="SmallestStringWithAGivenNumericValue.cpp">
      <Filter>Solution2022</Filter>
    </ClCompile>
    <ClCompile Include="AsteroidCollision.cpp">
      <Filter>Solution2022</Filter>
    </ClCompile>
    <ClCompile Include="KthMissingPositiveNumber.cpp">
      <Filter>Solution2022</Filter>
    </ClCompile>
    <ClCompile Include="ExcelSheetColumnNumber.cpp">
      <Filter>Solution2022</Filter>
    </ClCompile>
    <ClCompile Include="RemoveCoveredIntervals.cpp">
      <Filter>Solution2022</Filter>
    </ClCompile>
    <ClCompile Include="SlidingWindowMaximum.cpp">
      <Filter>Solution2022</Filter>
    </ClCompile>
    <ClCompile Include="FindPeakElement.cpp">
      <Filter>Solution2022</Filter>
    </ClCompile>
    <ClCompile Include="Sqrt.cpp">
      <Filter>Solution2022</Filter>
    </ClCompile>
    <ClCompile Include="HighFive.cpp">
      <Filter>Solution2022</Filter>
    </ClCompile>
    <ClCompile Include="CheckIfaStringContainsAllBinaryCodesofSizeK.cpp">
      <Filter>Solution2022</Filter>
    </ClCompile>
    <ClCompile Include="KdiffPairsinanArray.cpp">
      <Filter>Solution2022</Filter>
    </ClCompile>
    <ClCompile Include="FindtheDuplicateNumber.cpp">
      <Filter>Solution2022</Filter>
    </ClCompile>
    <ClCompile Include="ImplementstrStr.cpp">
      <Filter>Solution2022</Filter>
    </ClCompile>
    <ClCompile Include="StringtoInteger.cpp">
      <Filter>Solution2022</Filter>
    </ClCompile>
    <ClCompile Include="ThreeSumClosest.cpp">
      <Filter>Solution2022</Filter>
    </ClCompile>
    <ClCompile Include="FourSum.cpp">
      <Filter>Solution2022</Filter>
    </ClCompile>
    <ClCompile Include="DivideTwoIntegers.cpp">
      <Filter>Solution2022</Filter>
    </ClCompile>
    <ClCompile Include="FindFirstandLastPositionofElementinSortedArray.cpp">
      <Filter>Solution2022</Filter>
    </ClCompile>
    <ClCompile Include="ValidSudoku.cpp">
      <Filter>Solution2022</Filter>
    </ClCompile>
    <ClCompile Include="RemoveAllOnesWithRowandColumnFlips.cpp">
      <Filter>Solution2022</Filter>
    </ClCompile>
    <ClCompile Include="AmountofNewAreaPaintedEachDay.cpp">
      <Filter>Solution2022</Filter>
    </ClCompile>
    <ClCompile Include="MinimumTimeDifference.cpp">
      <Filter>Solution2022</Filter>
    </ClCompile>
    <ClCompile Include="MaximumSplitofPositiveEvenIntegers.cpp">
      <Filter>Solution2022</Filter>
    </ClCompile>
    <ClCompile Include="EvaluateReversePolishNotation.cpp">
      <Filter>Solution2022</Filter>
    </ClCompile>
    <ClCompile Include="MaximumNumberofPointswithCost.cpp">
      <Filter>Solution2022</Filter>
    </ClCompile>
    <ClCompile Include="DetectSquares.cpp">
      <Filter>Solution2022</Filter>
    </ClCompile>
    <ClCompile Include="SnapshotArray.cpp">
      <Filter>Solution2022</Filter>
    </ClCompile>
    <ClCompile Include="FindAndReplaceinString.cpp">
      <Filter>Solution2022</Filter>
    </ClCompile>
    <ClCompile Include="CountWordsObtainedAfterAddingaLetter.cpp">
      <Filter>Solution2022</Filter>
    </ClCompile>
    <ClCompile Include="SwapAdjacentinLRString.cpp">
      <Filter>Solution2022</Filter>
    </ClCompile>
    <ClCompile Include="MaximumPointsYouCanObtainfromCards.cpp">
      <Filter>Solution2022</Filter>
    </ClCompile>
    <ClCompile Include="ShortestWaytoFormString.cpp">
      <Filter>Solution2022</Filter>
    </ClCompile>
    <ClCompile Include="NumberofWaystoBuildSturdyBrickWall.cpp">
      <Filter>Solution2022</Filter>
    </ClCompile>
    <ClCompile Include="CheckifWordCanBePlacedInCrossword.cpp">
      <Filter>Solution2022</Filter>
    </ClCompile>
    <ClCompile Include="MinimumCosttoSetCookingTime.cpp">
      <Filter>Solution2022</Filter>
    </ClCompile>
    <ClCompile Include="BattleshipsinaBoard.cpp">
      <Filter>Solution2022</Filter>
    </ClCompile>
    <ClCompile Include="MinimumAreaRectangle.cpp">
      <Filter>Solution2022</Filter>
    </ClCompile>
    <ClCompile Include="MinimumAreaRectangleII.cpp">
      <Filter>Solution2022</Filter>
    </ClCompile>
    <ClCompile Include="MaximumNumberofVisiblePoints.cpp">
      <Filter>Solution2022</Filter>
    </ClCompile>
    <ClCompile Include="MyCalendarI.cpp">
      <Filter>Solution2022</Filter>
    </ClCompile>
    <ClCompile Include="MyCalendarIII.cpp">
      <Filter>Solution2022</Filter>
    </ClCompile>
    <ClCompile Include="RobotRoomCleaner.cpp">
      <Filter>Solution2022</Filter>
    </ClCompile>
    <ClCompile Include="SwiminRisingWater.cpp">
      <Filter>Solution2022</Filter>
    </ClCompile>
    <ClCompile Include="RearrangeSpacesBetweenWords.cpp">
      <Filter>Solution2022</Filter>
    </ClCompile>
    <ClCompile Include="MeetingRooms.cpp">
      <Filter>Solution2022</Filter>
    </ClCompile>
    <ClCompile Include="MinimumNumberofOperationstoConvertTime.cpp">
      <Filter>Solution2022</Filter>
    </ClCompile>
    <ClCompile Include="LongestLineofConsecutiveOneinMatrix.cpp">
      <Filter>Solution2022</Filter>
    </ClCompile>
    <ClCompile Include="LongestIncreasingPathinaMatrix.cpp">
      <Filter>Solution2022</Filter>
    </ClCompile>
    <ClCompile Include="StudentAttendanceRecordI.cpp">
      <Filter>Solution2022</Filter>
    </ClCompile>
    <ClCompile Include="StudentAttendanceRecordII.cpp">
      <Filter>Solution2022</Filter>
    </ClCompile>
    <ClCompile Include="OddEvenJump.cpp">
      <Filter>Solution2022</Filter>
    </ClCompile>
    <ClCompile Include="TimeNeededtoInformAllEmployees.cpp">
      <Filter>Solution2022</Filter>
    </ClCompile>
    <ClCompile Include="TilingaRectanglewiththeFewestSquares.cpp">
      <Filter>Solution2022</Filter>
    </ClCompile>
    <ClCompile Include="EmployeeFreeTime.cpp">
      <Filter>Solution2022</Filter>
    </ClCompile>
    <ClCompile Include="PathWithMinimumEffort.cpp">
      <Filter>Solution2022</Filter>
    </ClCompile>
    <ClCompile Include="FindServersThatHandledMostNumberofRequests.cpp">
      <Filter>Solution2022</Filter>
    </ClCompile>
    <ClCompile Include="MaximumNumberofAcceptedInvitations.cpp">
      <Filter>Solution2022</Filter>
    </ClCompile>
    <ClCompile Include="MaximumScoreofaNodeSequence.cpp">
      <Filter>Solution2022</Filter>
    </ClCompile>
    <ClCompile Include="AlienDictionary.cpp">
      <Filter>Solution2022</Filter>
    </ClCompile>
    <ClCompile Include="LowestCommonAncestorofaBinaryTreeIII.cpp">
      <Filter>Solution2022</Filter>
    </ClCompile>
    <ClCompile Include="ReformatDate.cpp">
      <Filter>Solution2022</Filter>
    </ClCompile>
    <ClCompile Include="StepByStepDirectionsFromaBinaryTreeNodetoAnother.cpp">
      <Filter>Solution2022</Filter>
    </ClCompile>
    <ClCompile Include="ValidParentheses.cpp">
      <Filter>Solution2022</Filter>
    </ClCompile>
    <ClCompile Include="NthDigit.cpp">
      <Filter>Solution2022</Filter>
    </ClCompile>
    <ClCompile Include="BasicCalculatorIII.cpp">
      <Filter>Solution2022</Filter>
    </ClCompile>
    <ClCompile Include="MaximumFrequencyStack.cpp">
      <Filter>Solution2022</Filter>
    </ClCompile>
    <ClCompile Include="SmallestRotationwithHighestScore.cpp">
      <Filter>Solution2022</Filter>
    </ClCompile>
    <ClCompile Include="LexicographicallySmallestEquivalentString.cpp">
      <Filter>Solution2022</Filter>
    </ClCompile>
    <ClCompile Include="MinimumOperationstoReduceXtoZero.cpp">
      <Filter>Solution2022</Filter>
    </ClCompile>
    <ClCompile Include="MaximumSizeSubarraySumEqualsk.cpp">
      <Filter>Solution2022</Filter>
    </ClCompile>
    <ClCompile Include="FindingThreeDigitEvenNumbers.cpp">
      <Filter>Solution2022</Filter>
    </ClCompile>
    <ClCompile Include="UTFEightValidation.cpp">
      <Filter>Source Files</Filter>
    </ClCompile>
    <ClCompile Include="WordSubsets.cpp">
      <Filter>Source Files</Filter>
    </ClCompile>
    <ClCompile Include="LongestDuplicateSubstring.cpp">
      <Filter>Solution2022</Filter>
    </ClCompile>
    <ClCompile Include="ReducingDishes.cpp">
      <Filter>Solution2022</Filter>
    </ClCompile>
    <ClCompile Include="FurthestBuildingYouCanReach.cpp">
      <Filter>Solution2022</Filter>
    </ClCompile>
    <ClCompile Include="VideoStitching.cpp">
      <Filter>Solution2022</Filter>
    </ClCompile>
  </ItemGroup>
  <ItemGroup>
    <ClInclude Include="Solution2022.h">
      <Filter>Header Files</Filter>
    </ClInclude>
    <ClInclude Include="stdafx.h">
      <Filter>Header Files</Filter>
    </ClInclude>
    <ClInclude Include="targetver.h">
      <Filter>Header Files</Filter>
    </ClInclude>
  </ItemGroup>
</Project>