<?xml version="1.0" encoding="utf-8"?>
<Project ToolsVersion="4.0" xmlns="http://schemas.microsoft.com/developer/msbuild/2003">
  <ItemGroup>
    <Filter Include="Source Files">
      <UniqueIdentifier>{4FC737F1-C7A5-4376-A066-2A32D752A2FF}</UniqueIdentifier>
      <Extensions>cpp;c;cc;cxx;def;odl;idl;hpj;bat;asm;asmx</Extensions>
    </Filter>
    <Filter Include="Header Files">
      <UniqueIdentifier>{93995380-89BD-4b04-88EB-625FBE52EBFB}</UniqueIdentifier>
      <Extensions>h;hh;hpp;hxx;hm;inl;inc;ipp;xsd</Extensions>
    </Filter>
    <Filter Include="Resource Files">
      <UniqueIdentifier>{67DA6AB6-F800-4c08-8B7A-83BB121AAD01}</UniqueIdentifier>
      <Extensions>rc;ico;cur;bmp;dlg;rc2;rct;bin;rgs;gif;jpg;jpeg;jpe;resx;tiff;tif;png;wav;mfcribbon-ms</Extensions>
    </Filter>
    <Filter Include="Solution2022">
      <UniqueIdentifier>{56a75658-715f-411f-8806-f18f1881c419}</UniqueIdentifier>
    </Filter>
    <Filter Include="Helpers">
      <UniqueIdentifier>{4796ceb5-ba5a-4227-9aa6-2c84a5cbef37}</UniqueIdentifier>
    </Filter>
  </ItemGroup>
  <ItemGroup>
    <ClCompile Include="Leet2022.cpp">
      <Filter>Source Files</Filter>
    </ClCompile>
    <ClCompile Include="stdafx.cpp">
      <Filter>Source Files</Filter>
    </ClCompile>
    <ClCompile Include="Test.cpp">
      <Filter>Solution2022</Filter>
    </ClCompile>
    <ClCompile Include="Helpers.cpp">
      <Filter>Helpers</Filter>
    </ClCompile>
    <ClCompile Include="ListNode.cpp">
      <Filter>Helpers</Filter>
    </ClCompile>
    <ClCompile Include="TreeHelpers.cpp">
      <Filter>Helpers</Filter>
    </ClCompile>
    <ClCompile Include="BinarySearch.cpp">
      <Filter>Solution2022</Filter>
    </ClCompile>
    <ClCompile Include="ClimbingStairs.cpp">
      <Filter>Solution2022</Filter>
    </ClCompile>
    <ClCompile Include="Combinations.cpp">
      <Filter>Solution2022</Filter>
    </ClCompile>
    <ClCompile Include="FirstBadVersion.cpp">
      <Filter>Solution2022</Filter>
    </ClCompile>
    <ClCompile Include="FloodFill.cpp">
      <Filter>Solution2022</Filter>
    </ClCompile>
    <ClCompile Include="HouseRobber.cpp">
      <Filter>Solution2022</Filter>
    </ClCompile>
    <ClCompile Include="LetterCasePermutation.cpp">
      <Filter>Solution2022</Filter>
    </ClCompile>
    <ClCompile Include="LongestSubstringWithoutRepeatingCharacters.cpp">
      <Filter>Solution2022</Filter>
    </ClCompile>
    <ClCompile Include="MaxAreaofIsland.cpp">
      <Filter>Solution2022</Filter>
    </ClCompile>
    <ClCompile Include="MergeTwoBinaryTrees.cpp">
      <Filter>Solution2022</Filter>
    </ClCompile>
    <ClCompile Include="MergeTwoSortedLists.cpp">
      <Filter>Solution2022</Filter>
    </ClCompile>
    <ClCompile Include="MiddleoftheLinkedList.cpp">
      <Filter>Solution2022</Filter>
    </ClCompile>
    <ClCompile Include="MoveZeroes.cpp">
      <Filter>Solution2022</Filter>
    </ClCompile>
    <ClCompile Include="NumberofOneBits.cpp">
      <Filter>Solution2022</Filter>
    </ClCompile>
    <ClCompile Include="PermutationinString.cpp">
      <Filter>Solution2022</Filter>
    </ClCompile>
    <ClCompile Include="Permutations.cpp">
      <Filter>Solution2022</Filter>
    </ClCompile>
    <ClCompile Include="PopulatingNextRightPointersinEachNode.cpp">
      <Filter>Solution2022</Filter>
    </ClCompile>
    <ClCompile Include="PowerofTwo.cpp">
      <Filter>Solution2022</Filter>
    </ClCompile>
    <ClCompile Include="RemoveNthNodeFromEndofList.cpp">
      <Filter>Solution2022</Filter>
    </ClCompile>
    <ClCompile Include="ReverseBits.cpp">
      <Filter>Solution2022</Filter>
    </ClCompile>
    <ClCompile Include="ReverseLinkedList.cpp">
      <Filter>Solution2022</Filter>
    </ClCompile>
    <ClCompile Include="ReverseString.cpp">
      <Filter>Solution2022</Filter>
    </ClCompile>
    <ClCompile Include="ReverseWordsinaStringIII.cpp">
      <Filter>Solution2022</Filter>
    </ClCompile>
    <ClCompile Include="RotateArray.cpp">
      <Filter>Solution2022</Filter>
    </ClCompile>
    <ClCompile Include="RottingOranges.cpp">
      <Filter>Solution2022</Filter>
    </ClCompile>
    <ClCompile Include="SearchInsertPosition.cpp">
      <Filter>Solution2022</Filter>
    </ClCompile>
    <ClCompile Include="SingleNumber.cpp">
      <Filter>Solution2022</Filter>
    </ClCompile>
    <ClCompile Include="SquaresofaSortedArray.cpp">
      <Filter>Solution2022</Filter>
    </ClCompile>
    <ClCompile Include="Triangle.cpp">
      <Filter>Solution2022</Filter>
    </ClCompile>
    <ClCompile Include="TwoSumIIInputArrayIsSorted.cpp">
      <Filter>Solution2022</Filter>
    </ClCompile>
    <ClCompile Include="ZeroOneMatrix.cpp">
      <Filter>Solution2022</Filter>
    </ClCompile>
    <ClCompile Include="TwoSum.cpp">
      <Filter>Solution2022</Filter>
    </ClCompile>
    <ClCompile Include="RomantoInteger.cpp">
      <Filter>Solution2022</Filter>
    </ClCompile>
    <ClCompile Include="LRUCache.cpp">
      <Filter>Solution2022</Filter>
    </ClCompile>
    <ClCompile Include="MergeIntervals.cpp">
      <Filter>Solution2022</Filter>
    </ClCompile>
    <ClCompile Include="NumberofIslands.cpp">
      <Filter>Solution2022</Filter>
    </ClCompile>
    <ClCompile Include="MinimumRemovetoMakeValidParentheses.cpp">
      <Filter>Solution2022</Filter>
    </ClCompile>
    <ClCompile Include="TrappingRainWater.cpp">
      <Filter>Solution2022</Filter>
    </ClCompile>
    <ClCompile Include="LowestCommonAncestorofaBinaryTreeIII.cpp">
      <Filter>Source Files</Filter>
    </ClCompile>
    <ClCompile Include="ValidParentheses.cpp">
      <Filter>Source Files</Filter>
    </ClCompile>
    <ClCompile Include="BinaryTreeVerticalOrderTraversal.cpp">
      <Filter>Solution2022</Filter>
    </ClCompile>
    <ClCompile Include="SubarraySumEqualsK.cpp">
      <Filter>Solution2022</Filter>
    </ClCompile>
    <ClCompile Include="ValidPalindromeII.cpp">
      <Filter>Solution2022</Filter>
    </ClCompile>
  </ItemGroup>
  <ItemGroup>
    <ClInclude Include="Solution2022.h">
      <Filter>Header Files</Filter>
    </ClInclude>
    <ClInclude Include="stdafx.h">
      <Filter>Header Files</Filter>
    </ClInclude>
    <ClInclude Include="targetver.h">
      <Filter>Header Files</Filter>
    </ClInclude>
  </ItemGroup>
</Project>